
Microsoft Visual Studio Solution File, Format Version 12.00
# Visual Studio Version 17
VisualStudioVersion = 17.8.34330.188
MinimumVisualStudioVersion = 10.0.40219.1
Project("{FAE04EC0-301F-11D3-BF4B-00C04F79EFBC}") = "rles2png", "rles2png.csproj", "{863437D9-FB78-4E56-ADF4-5244AA1A12A1}"
EndProject
Global
	GlobalSection(SolutionConfigurationPlatforms) = preSolution
		Debug|Any CPU = Debug|Any CPU
		Release|Any CPU = Release|Any CPU
	EndGlobalSection
	GlobalSection(ProjectConfigurationPlatforms) = postSolution
		{863437D9-FB78-4E56-ADF4-5244AA1A12A1}.Debug|Any CPU.ActiveCfg = Debug|Any CPU
		{863437D9-FB78-4E56-ADF4-5244AA1A12A1}.Debug|Any CPU.Build.0 = Debug|Any CPU
		{863437D9-FB78-4E56-ADF4-5244AA1A12A1}.Release|Any CPU.ActiveCfg = Release|Any CPU
		{863437D9-FB78-4E56-ADF4-5244AA1A12A1}.Release|Any CPU.Build.0 = Release|Any CPU
	EndGlobalSection
	GlobalSection(SolutionProperties) = preSolution
		HideSolutionNode = FALSE
	EndGlobalSection
	GlobalSection(ExtensibilityGlobals) = postSolution
		SolutionGuid = {C6E76516-90FD-4D2B-969D-98E5DE41CB00}
	EndGlobalSection
EndGlobal
